// !$*UTF8*$!
{
	archiveVersion = 1;
	classes = {
	};
	objectVersion = 50;
	objects = {

/* Begin PBXBuildFile section */
		8303C5452548626500E5B0F9 /* MapView.swift in Sources */ = {isa = PBXBuildFile; fileRef = 8303C5442548626500E5B0F9 /* MapView.swift */; };
		8303C54B2548629D00E5B0F9 /* Coordinator.swift in Sources */ = {isa = PBXBuildFile; fileRef = 8303C54A2548629D00E5B0F9 /* Coordinator.swift */; };
		8303C5542548A3C900E5B0F9 /* ColorExt.swift in Sources */ = {isa = PBXBuildFile; fileRef = 8303C5532548A3C900E5B0F9 /* ColorExt.swift */; };
		8304CACB25470E8A004CC185 /* PageViewContainer.swift in Sources */ = {isa = PBXBuildFile; fileRef = 8304CACA25470E8A004CC185 /* PageViewContainer.swift */; };
		8304CAD025470EDF004CC185 /* PageView.swift in Sources */ = {isa = PBXBuildFile; fileRef = 8304CACF25470EDE004CC185 /* PageView.swift */; };
		8304CAD525470F12004CC185 /* PageIndicator.swift in Sources */ = {isa = PBXBuildFile; fileRef = 8304CAD425470F12004CC185 /* PageIndicator.swift */; };
		8304CADB25470FAE004CC185 /* Page.swift in Sources */ = {isa = PBXBuildFile; fileRef = 8304CADA25470FAE004CC185 /* Page.swift */; };
		8304CAEC254710E6004CC185 /* HomeView.swift in Sources */ = {isa = PBXBuildFile; fileRef = 8304CAEB254710E6004CC185 /* HomeView.swift */; };
		8304CAF9254711A7004CC185 /* PageViewController.swift in Sources */ = {isa = PBXBuildFile; fileRef = 8304CAF8254711A7004CC185 /* PageViewController.swift */; };
		8304CAFE2547143F004CC185 /* SentieroDegliDei.swift in Sources */ = {isa = PBXBuildFile; fileRef = 8304CAFD2547143F004CC185 /* SentieroDegliDei.swift */; };
		8310CD1D2548D57A00A8E187 /* Favorites.swift in Sources */ = {isa = PBXBuildFile; fileRef = 8310CD1C2548D57A00A8E187 /* Favorites.swift */; };
		8313D1F62544C804006E5807 /* riprovaCoastApp.swift in Sources */ = {isa = PBXBuildFile; fileRef = 8313D1F52544C804006E5807 /* riprovaCoastApp.swift */; };
		8313D1F82544C804006E5807 /* ContentView.swift in Sources */ = {isa = PBXBuildFile; fileRef = 8313D1F72544C804006E5807 /* ContentView.swift */; };
		8313D1FA2544C806006E5807 /* Assets.xcassets in Resources */ = {isa = PBXBuildFile; fileRef = 8313D1F92544C806006E5807 /* Assets.xcassets */; };
		8313D1FD2544C806006E5807 /* Preview Assets.xcassets in Resources */ = {isa = PBXBuildFile; fileRef = 8313D1FC2544C806006E5807 /* Preview Assets.xcassets */; };
		8313D2082544C806006E5807 /* riprovaCoastTests.swift in Sources */ = {isa = PBXBuildFile; fileRef = 8313D2072544C806006E5807 /* riprovaCoastTests.swift */; };
		8313D2132544C806006E5807 /* riprovaCoastUITests.swift in Sources */ = {isa = PBXBuildFile; fileRef = 8313D2122544C806006E5807 /* riprovaCoastUITests.swift */; };
		8313D2242544C871006E5807 /* Paths.swift in Sources */ = {isa = PBXBuildFile; fileRef = 8313D2232544C871006E5807 /* Paths.swift */; };
		8313D22C2544C9F0006E5807 /* Trails.swift in Sources */ = {isa = PBXBuildFile; fileRef = 8313D22B2544C9F0006E5807 /* Trails.swift */; };
		8316FE8A2549AA910044B9B1 /* LocationManager.swift in Sources */ = {isa = PBXBuildFile; fileRef = 8316FE892549AA910044B9B1 /* LocationManager.swift */; };
		83B587332549CE360021EC96 /* Backpack.swift in Sources */ = {isa = PBXBuildFile; fileRef = 83B587322549CE360021EC96 /* Backpack.swift */; };
/* End PBXBuildFile section */

/* Begin PBXContainerItemProxy section */
		8313D2042544C806006E5807 /* PBXContainerItemProxy */ = {
			isa = PBXContainerItemProxy;
			containerPortal = 8313D1EA2544C804006E5807 /* Project object */;
			proxyType = 1;
			remoteGlobalIDString = 8313D1F12544C804006E5807;
			remoteInfo = riprovaCoast;
		};
		8313D20F2544C806006E5807 /* PBXContainerItemProxy */ = {
			isa = PBXContainerItemProxy;
			containerPortal = 8313D1EA2544C804006E5807 /* Project object */;
			proxyType = 1;
			remoteGlobalIDString = 8313D1F12544C804006E5807;
			remoteInfo = riprovaCoast;
		};
/* End PBXContainerItemProxy section */

/* Begin PBXFileReference section */
		8303C5442548626500E5B0F9 /* MapView.swift */ = {isa = PBXFileReference; lastKnownFileType = sourcecode.swift; path = MapView.swift; sourceTree = "<group>"; };
		8303C54A2548629D00E5B0F9 /* Coordinator.swift */ = {isa = PBXFileReference; lastKnownFileType = sourcecode.swift; path = Coordinator.swift; sourceTree = "<group>"; };
		8303C5532548A3C900E5B0F9 /* ColorExt.swift */ = {isa = PBXFileReference; lastKnownFileType = sourcecode.swift; path = ColorExt.swift; sourceTree = "<group>"; };
		8304CACA25470E8A004CC185 /* PageViewContainer.swift */ = {isa = PBXFileReference; lastKnownFileType = sourcecode.swift; path = PageViewContainer.swift; sourceTree = "<group>"; };
		8304CACF25470EDE004CC185 /* PageView.swift */ = {isa = PBXFileReference; lastKnownFileType = sourcecode.swift; path = PageView.swift; sourceTree = "<group>"; };
		8304CAD425470F12004CC185 /* PageIndicator.swift */ = {isa = PBXFileReference; lastKnownFileType = sourcecode.swift; path = PageIndicator.swift; sourceTree = "<group>"; };
		8304CADA25470FAE004CC185 /* Page.swift */ = {isa = PBXFileReference; lastKnownFileType = sourcecode.swift; path = Page.swift; sourceTree = "<group>"; };
		8304CAEB254710E6004CC185 /* HomeView.swift */ = {isa = PBXFileReference; lastKnownFileType = sourcecode.swift; path = HomeView.swift; sourceTree = "<group>"; };
		8304CAF8254711A7004CC185 /* PageViewController.swift */ = {isa = PBXFileReference; lastKnownFileType = sourcecode.swift; path = PageViewController.swift; sourceTree = "<group>"; };
		8304CAFD2547143F004CC185 /* SentieroDegliDei.swift */ = {isa = PBXFileReference; lastKnownFileType = sourcecode.swift; path = SentieroDegliDei.swift; sourceTree = "<group>"; };
		8310CD1C2548D57A00A8E187 /* Favorites.swift */ = {isa = PBXFileReference; lastKnownFileType = sourcecode.swift; path = Favorites.swift; sourceTree = "<group>"; };
		8313D1F22544C804006E5807 /* CoastTrail.app */ = {isa = PBXFileReference; explicitFileType = wrapper.application; includeInIndex = 0; path = CoastTrail.app; sourceTree = BUILT_PRODUCTS_DIR; };
		8313D1F52544C804006E5807 /* riprovaCoastApp.swift */ = {isa = PBXFileReference; lastKnownFileType = sourcecode.swift; path = riprovaCoastApp.swift; sourceTree = "<group>"; };
		8313D1F72544C804006E5807 /* ContentView.swift */ = {isa = PBXFileReference; lastKnownFileType = sourcecode.swift; path = ContentView.swift; sourceTree = "<group>"; };
		8313D1F92544C806006E5807 /* Assets.xcassets */ = {isa = PBXFileReference; lastKnownFileType = folder.assetcatalog; path = Assets.xcassets; sourceTree = "<group>"; };
		8313D1FC2544C806006E5807 /* Preview Assets.xcassets */ = {isa = PBXFileReference; lastKnownFileType = folder.assetcatalog; path = "Preview Assets.xcassets"; sourceTree = "<group>"; };
		8313D1FE2544C806006E5807 /* Info.plist */ = {isa = PBXFileReference; lastKnownFileType = text.plist.xml; path = Info.plist; sourceTree = "<group>"; };
		8313D2032544C806006E5807 /* CoastTrailTests.xctest */ = {isa = PBXFileReference; explicitFileType = wrapper.cfbundle; includeInIndex = 0; path = CoastTrailTests.xctest; sourceTree = BUILT_PRODUCTS_DIR; };
		8313D2072544C806006E5807 /* riprovaCoastTests.swift */ = {isa = PBXFileReference; lastKnownFileType = sourcecode.swift; path = riprovaCoastTests.swift; sourceTree = "<group>"; };
		8313D2092544C806006E5807 /* Info.plist */ = {isa = PBXFileReference; lastKnownFileType = text.plist.xml; path = Info.plist; sourceTree = "<group>"; };
		8313D20E2544C806006E5807 /* CoastTrailUITests.xctest */ = {isa = PBXFileReference; explicitFileType = wrapper.cfbundle; includeInIndex = 0; path = CoastTrailUITests.xctest; sourceTree = BUILT_PRODUCTS_DIR; };
		8313D2122544C806006E5807 /* riprovaCoastUITests.swift */ = {isa = PBXFileReference; lastKnownFileType = sourcecode.swift; path = riprovaCoastUITests.swift; sourceTree = "<group>"; };
		8313D2142544C806006E5807 /* Info.plist */ = {isa = PBXFileReference; lastKnownFileType = text.plist.xml; path = Info.plist; sourceTree = "<group>"; };
		8313D2232544C871006E5807 /* Paths.swift */ = {isa = PBXFileReference; lastKnownFileType = sourcecode.swift; path = Paths.swift; sourceTree = "<group>"; };
		8313D22B2544C9F0006E5807 /* Trails.swift */ = {isa = PBXFileReference; lastKnownFileType = sourcecode.swift; path = Trails.swift; sourceTree = "<group>"; };
		8316FE892549AA910044B9B1 /* LocationManager.swift */ = {isa = PBXFileReference; lastKnownFileType = sourcecode.swift; path = LocationManager.swift; sourceTree = "<group>"; };
		83B587322549CE360021EC96 /* Backpack.swift */ = {isa = PBXFileReference; lastKnownFileType = sourcecode.swift; path = Backpack.swift; sourceTree = "<group>"; };
/* End PBXFileReference section */

/* Begin PBXFrameworksBuildPhase section */
		8313D1EF2544C804006E5807 /* Frameworks */ = {
			isa = PBXFrameworksBuildPhase;
			buildActionMask = 2147483647;
			files = (
			);
			runOnlyForDeploymentPostprocessing = 0;
		};
		8313D2002544C806006E5807 /* Frameworks */ = {
			isa = PBXFrameworksBuildPhase;
			buildActionMask = 2147483647;
			files = (
			);
			runOnlyForDeploymentPostprocessing = 0;
		};
		8313D20B2544C806006E5807 /* Frameworks */ = {
			isa = PBXFrameworksBuildPhase;
			buildActionMask = 2147483647;
			files = (
			);
			runOnlyForDeploymentPostprocessing = 0;
		};
/* End PBXFrameworksBuildPhase section */

/* Begin PBXGroup section */
		8303C5492548627C00E5B0F9 /* Coordinators */ = {
			isa = PBXGroup;
			children = (
				8303C54A2548629D00E5B0F9 /* Coordinator.swift */,
			);
			path = Coordinators;
			sourceTree = "<group>";
		};
		8303C5522548A3AB00E5B0F9 /* Extension */ = {
			isa = PBXGroup;
			children = (
				8303C5532548A3C900E5B0F9 /* ColorExt.swift */,
			);
			name = Extension;
			sourceTree = "<group>";
		};
		8304CAD925470F95004CC185 /* Models */ = {
			isa = PBXGroup;
			children = (
				8304CADA25470FAE004CC185 /* Page.swift */,
			);
			name = Models;
			sourceTree = "<group>";
		};
		8313D1E92544C804006E5807 = {
			isa = PBXGroup;
			children = (
				8313D1F42544C804006E5807 /* riprovaCoast */,
				8313D2062544C806006E5807 /* riprovaCoastTests */,
				8313D2112544C806006E5807 /* riprovaCoastUITests */,
				8313D1F32544C804006E5807 /* Products */,
			);
			sourceTree = "<group>";
		};
		8313D1F32544C804006E5807 /* Products */ = {
			isa = PBXGroup;
			children = (
				8313D1F22544C804006E5807 /* CoastTrail.app */,
				8313D2032544C806006E5807 /* CoastTrailTests.xctest */,
				8313D20E2544C806006E5807 /* CoastTrailUITests.xctest */,
			);
			name = Products;
			sourceTree = "<group>";
		};
		8313D1F42544C804006E5807 /* riprovaCoast */ = {
			isa = PBXGroup;
			children = (
				8303C5522548A3AB00E5B0F9 /* Extension */,
				8303C5492548627C00E5B0F9 /* Coordinators */,
				8304CAD925470F95004CC185 /* Models */,
				8313D1F52544C804006E5807 /* riprovaCoastApp.swift */,
				8313D1F72544C804006E5807 /* ContentView.swift */,
				8313D2232544C871006E5807 /* Paths.swift */,
				8313D1F92544C806006E5807 /* Assets.xcassets */,
				8313D1FE2544C806006E5807 /* Info.plist */,
				8313D1FB2544C806006E5807 /* Preview Content */,
				8313D22B2544C9F0006E5807 /* Trails.swift */,
				8304CACA25470E8A004CC185 /* PageViewContainer.swift */,
				8304CACF25470EDE004CC185 /* PageView.swift */,
				8304CAD425470F12004CC185 /* PageIndicator.swift */,
				8304CAEB254710E6004CC185 /* HomeView.swift */,
				8304CAFD2547143F004CC185 /* SentieroDegliDei.swift */,
				8303C5442548626500E5B0F9 /* MapView.swift */,
				8310CD1C2548D57A00A8E187 /* Favorites.swift */,
				8316FE892549AA910044B9B1 /* LocationManager.swift */,
				83B587322549CE360021EC96 /* Backpack.swift */,
			);
			path = riprovaCoast;
			sourceTree = "<group>";
		};
		8313D1FB2544C806006E5807 /* Preview Content */ = {
			isa = PBXGroup;
			children = (
				8313D1FC2544C806006E5807 /* Preview Assets.xcassets */,
				8304CAF8254711A7004CC185 /* PageViewController.swift */,
			);
			path = "Preview Content";
			sourceTree = "<group>";
		};
		8313D2062544C806006E5807 /* riprovaCoastTests */ = {
			isa = PBXGroup;
			children = (
				8313D2072544C806006E5807 /* riprovaCoastTests.swift */,
				8313D2092544C806006E5807 /* Info.plist */,
			);
			path = riprovaCoastTests;
			sourceTree = "<group>";
		};
		8313D2112544C806006E5807 /* riprovaCoastUITests */ = {
			isa = PBXGroup;
			children = (
				8313D2122544C806006E5807 /* riprovaCoastUITests.swift */,
				8313D2142544C806006E5807 /* Info.plist */,
			);
			path = riprovaCoastUITests;
			sourceTree = "<group>";
		};
/* End PBXGroup section */

/* Begin PBXNativeTarget section */
		8313D1F12544C804006E5807 /* CoastTrail */ = {
			isa = PBXNativeTarget;
			buildConfigurationList = 8313D2172544C806006E5807 /* Build configuration list for PBXNativeTarget "CoastTrail" */;
			buildPhases = (
				8313D1EE2544C804006E5807 /* Sources */,
				8313D1EF2544C804006E5807 /* Frameworks */,
				8313D1F02544C804006E5807 /* Resources */,
			);
			buildRules = (
			);
			dependencies = (
			);
			name = CoastTrail;
			productName = riprovaCoast;
			productReference = 8313D1F22544C804006E5807 /* CoastTrail.app */;
			productType = "com.apple.product-type.application";
		};
		8313D2022544C806006E5807 /* CoastTrailTests */ = {
			isa = PBXNativeTarget;
			buildConfigurationList = 8313D21A2544C806006E5807 /* Build configuration list for PBXNativeTarget "CoastTrailTests" */;
			buildPhases = (
				8313D1FF2544C806006E5807 /* Sources */,
				8313D2002544C806006E5807 /* Frameworks */,
				8313D2012544C806006E5807 /* Resources */,
			);
			buildRules = (
			);
			dependencies = (
				8313D2052544C806006E5807 /* PBXTargetDependency */,
			);
			name = CoastTrailTests;
			productName = riprovaCoastTests;
			productReference = 8313D2032544C806006E5807 /* CoastTrailTests.xctest */;
			productType = "com.apple.product-type.bundle.unit-test";
		};
		8313D20D2544C806006E5807 /* CoastTrailUITests */ = {
			isa = PBXNativeTarget;
			buildConfigurationList = 8313D21D2544C806006E5807 /* Build configuration list for PBXNativeTarget "CoastTrailUITests" */;
			buildPhases = (
				8313D20A2544C806006E5807 /* Sources */,
				8313D20B2544C806006E5807 /* Frameworks */,
				8313D20C2544C806006E5807 /* Resources */,
			);
			buildRules = (
			);
			dependencies = (
				8313D2102544C806006E5807 /* PBXTargetDependency */,
			);
			name = CoastTrailUITests;
			productName = riprovaCoastUITests;
			productReference = 8313D20E2544C806006E5807 /* CoastTrailUITests.xctest */;
			productType = "com.apple.product-type.bundle.ui-testing";
		};
/* End PBXNativeTarget section */

/* Begin PBXProject section */
		8313D1EA2544C804006E5807 /* Project object */ = {
			isa = PBXProject;
			attributes = {
				LastSwiftUpdateCheck = 1200;
				LastUpgradeCheck = 1200;
				TargetAttributes = {
					8313D1F12544C804006E5807 = {
						CreatedOnToolsVersion = 12.0.1;
					};
					8313D2022544C806006E5807 = {
						CreatedOnToolsVersion = 12.0.1;
						TestTargetID = 8313D1F12544C804006E5807;
					};
					8313D20D2544C806006E5807 = {
						CreatedOnToolsVersion = 12.0.1;
						TestTargetID = 8313D1F12544C804006E5807;
					};
				};
			};
			buildConfigurationList = 8313D1ED2544C804006E5807 /* Build configuration list for PBXProject "CoastTrail" */;
			compatibilityVersion = "Xcode 9.3";
			developmentRegion = en;
			hasScannedForEncodings = 0;
			knownRegions = (
				en,
				Base,
			);
			mainGroup = 8313D1E92544C804006E5807;
			productRefGroup = 8313D1F32544C804006E5807 /* Products */;
			projectDirPath = "";
			projectRoot = "";
			targets = (
				8313D1F12544C804006E5807 /* CoastTrail */,
				8313D2022544C806006E5807 /* CoastTrailTests */,
				8313D20D2544C806006E5807 /* CoastTrailUITests */,
			);
		};
/* End PBXProject section */

/* Begin PBXResourcesBuildPhase section */
		8313D1F02544C804006E5807 /* Resources */ = {
			isa = PBXResourcesBuildPhase;
			buildActionMask = 2147483647;
			files = (
				8313D1FD2544C806006E5807 /* Preview Assets.xcassets in Resources */,
				8313D1FA2544C806006E5807 /* Assets.xcassets in Resources */,
			);
			runOnlyForDeploymentPostprocessing = 0;
		};
		8313D2012544C806006E5807 /* Resources */ = {
			isa = PBXResourcesBuildPhase;
			buildActionMask = 2147483647;
			files = (
			);
			runOnlyForDeploymentPostprocessing = 0;
		};
		8313D20C2544C806006E5807 /* Resources */ = {
			isa = PBXResourcesBuildPhase;
			buildActionMask = 2147483647;
			files = (
			);
			runOnlyForDeploymentPostprocessing = 0;
		};
/* End PBXResourcesBuildPhase section */

/* Begin PBXSourcesBuildPhase section */
		8313D1EE2544C804006E5807 /* Sources */ = {
			isa = PBXSourcesBuildPhase;
			buildActionMask = 2147483647;
			files = (
				8304CAD025470EDF004CC185 /* PageView.swift in Sources */,
				83B587332549CE360021EC96 /* Backpack.swift in Sources */,
				8303C54B2548629D00E5B0F9 /* Coordinator.swift in Sources */,
				8304CACB25470E8A004CC185 /* PageViewContainer.swift in Sources */,
				8313D2242544C871006E5807 /* Paths.swift in Sources */,
				8304CADB25470FAE004CC185 /* Page.swift in Sources */,
				8313D1F82544C804006E5807 /* ContentView.swift in Sources */,
				8316FE8A2549AA910044B9B1 /* LocationManager.swift in Sources */,
				8303C5452548626500E5B0F9 /* MapView.swift in Sources */,
				8303C5542548A3C900E5B0F9 /* ColorExt.swift in Sources */,
				8313D22C2544C9F0006E5807 /* Trails.swift in Sources */,
				8304CAFE2547143F004CC185 /* SentieroDegliDei.swift in Sources */,
				8304CAEC254710E6004CC185 /* HomeView.swift in Sources */,
				8304CAF9254711A7004CC185 /* PageViewController.swift in Sources */,
				8310CD1D2548D57A00A8E187 /* Favorites.swift in Sources */,
				8304CAD525470F12004CC185 /* PageIndicator.swift in Sources */,
				8313D1F62544C804006E5807 /* riprovaCoastApp.swift in Sources */,
			);
			runOnlyForDeploymentPostprocessing = 0;
		};
		8313D1FF2544C806006E5807 /* Sources */ = {
			isa = PBXSourcesBuildPhase;
			buildActionMask = 2147483647;
			files = (
				8313D2082544C806006E5807 /* riprovaCoastTests.swift in Sources */,
			);
			runOnlyForDeploymentPostprocessing = 0;
		};
		8313D20A2544C806006E5807 /* Sources */ = {
			isa = PBXSourcesBuildPhase;
			buildActionMask = 2147483647;
			files = (
				8313D2132544C806006E5807 /* riprovaCoastUITests.swift in Sources */,
			);
			runOnlyForDeploymentPostprocessing = 0;
		};
/* End PBXSourcesBuildPhase section */

/* Begin PBXTargetDependency section */
		8313D2052544C806006E5807 /* PBXTargetDependency */ = {
			isa = PBXTargetDependency;
			target = 8313D1F12544C804006E5807 /* CoastTrail */;
			targetProxy = 8313D2042544C806006E5807 /* PBXContainerItemProxy */;
		};
		8313D2102544C806006E5807 /* PBXTargetDependency */ = {
			isa = PBXTargetDependency;
			target = 8313D1F12544C804006E5807 /* CoastTrail */;
			targetProxy = 8313D20F2544C806006E5807 /* PBXContainerItemProxy */;
		};
/* End PBXTargetDependency section */

/* Begin XCBuildConfiguration section */
		8313D2152544C806006E5807 /* Debug */ = {
			isa = XCBuildConfiguration;
			buildSettings = {
				ALWAYS_SEARCH_USER_PATHS = NO;
				CLANG_ANALYZER_NONNULL = YES;
				CLANG_ANALYZER_NUMBER_OBJECT_CONVERSION = YES_AGGRESSIVE;
				CLANG_CXX_LANGUAGE_STANDARD = "gnu++14";
				CLANG_CXX_LIBRARY = "libc++";
				CLANG_ENABLE_MODULES = YES;
				CLANG_ENABLE_OBJC_ARC = YES;
				CLANG_ENABLE_OBJC_WEAK = YES;
				CLANG_WARN_BLOCK_CAPTURE_AUTORELEASING = YES;
				CLANG_WARN_BOOL_CONVERSION = YES;
				CLANG_WARN_COMMA = YES;
				CLANG_WARN_CONSTANT_CONVERSION = YES;
				CLANG_WARN_DEPRECATED_OBJC_IMPLEMENTATIONS = YES;
				CLANG_WARN_DIRECT_OBJC_ISA_USAGE = YES_ERROR;
				CLANG_WARN_DOCUMENTATION_COMMENTS = YES;
				CLANG_WARN_EMPTY_BODY = YES;
				CLANG_WARN_ENUM_CONVERSION = YES;
				CLANG_WARN_INFINITE_RECURSION = YES;
				CLANG_WARN_INT_CONVERSION = YES;
				CLANG_WARN_NON_LITERAL_NULL_CONVERSION = YES;
				CLANG_WARN_OBJC_IMPLICIT_RETAIN_SELF = YES;
				CLANG_WARN_OBJC_LITERAL_CONVERSION = YES;
				CLANG_WARN_OBJC_ROOT_CLASS = YES_ERROR;
				CLANG_WARN_QUOTED_INCLUDE_IN_FRAMEWORK_HEADER = YES;
				CLANG_WARN_RANGE_LOOP_ANALYSIS = YES;
				CLANG_WARN_STRICT_PROTOTYPES = YES;
				CLANG_WARN_SUSPICIOUS_MOVE = YES;
				CLANG_WARN_UNGUARDED_AVAILABILITY = YES_AGGRESSIVE;
				CLANG_WARN_UNREACHABLE_CODE = YES;
				CLANG_WARN__DUPLICATE_METHOD_MATCH = YES;
				COPY_PHASE_STRIP = NO;
				DEBUG_INFORMATION_FORMAT = dwarf;
				ENABLE_STRICT_OBJC_MSGSEND = YES;
				ENABLE_TESTABILITY = YES;
				GCC_C_LANGUAGE_STANDARD = gnu11;
				GCC_DYNAMIC_NO_PIC = NO;
				GCC_NO_COMMON_BLOCKS = YES;
				GCC_OPTIMIZATION_LEVEL = 0;
				GCC_PREPROCESSOR_DEFINITIONS = (
					"DEBUG=1",
					"$(inherited)",
				);
				GCC_WARN_64_TO_32_BIT_CONVERSION = YES;
				GCC_WARN_ABOUT_RETURN_TYPE = YES_ERROR;
				GCC_WARN_UNDECLARED_SELECTOR = YES;
				GCC_WARN_UNINITIALIZED_AUTOS = YES_AGGRESSIVE;
				GCC_WARN_UNUSED_FUNCTION = YES;
				GCC_WARN_UNUSED_VARIABLE = YES;
				IPHONEOS_DEPLOYMENT_TARGET = 14.0;
				MTL_ENABLE_DEBUG_INFO = INCLUDE_SOURCE;
				MTL_FAST_MATH = YES;
				ONLY_ACTIVE_ARCH = YES;
				SDKROOT = iphoneos;
				SWIFT_ACTIVE_COMPILATION_CONDITIONS = DEBUG;
				SWIFT_OPTIMIZATION_LEVEL = "-Onone";
			};
			name = Debug;
		};
		8313D2162544C806006E5807 /* Release */ = {
			isa = XCBuildConfiguration;
			buildSettings = {
				ALWAYS_SEARCH_USER_PATHS = NO;
				CLANG_ANALYZER_NONNULL = YES;
				CLANG_ANALYZER_NUMBER_OBJECT_CONVERSION = YES_AGGRESSIVE;
				CLANG_CXX_LANGUAGE_STANDARD = "gnu++14";
				CLANG_CXX_LIBRARY = "libc++";
				CLANG_ENABLE_MODULES = YES;
				CLANG_ENABLE_OBJC_ARC = YES;
				CLANG_ENABLE_OBJC_WEAK = YES;
				CLANG_WARN_BLOCK_CAPTURE_AUTORELEASING = YES;
				CLANG_WARN_BOOL_CONVERSION = YES;
				CLANG_WARN_COMMA = YES;
				CLANG_WARN_CONSTANT_CONVERSION = YES;
				CLANG_WARN_DEPRECATED_OBJC_IMPLEMENTATIONS = YES;
				CLANG_WARN_DIRECT_OBJC_ISA_USAGE = YES_ERROR;
				CLANG_WARN_DOCUMENTATION_COMMENTS = YES;
				CLANG_WARN_EMPTY_BODY = YES;
				CLANG_WARN_ENUM_CONVERSION = YES;
				CLANG_WARN_INFINITE_RECURSION = YES;
				CLANG_WARN_INT_CONVERSION = YES;
				CLANG_WARN_NON_LITERAL_NULL_CONVERSION = YES;
				CLANG_WARN_OBJC_IMPLICIT_RETAIN_SELF = YES;
				CLANG_WARN_OBJC_LITERAL_CONVERSION = YES;
				CLANG_WARN_OBJC_ROOT_CLASS = YES_ERROR;
				CLANG_WARN_QUOTED_INCLUDE_IN_FRAMEWORK_HEADER = YES;
				CLANG_WARN_RANGE_LOOP_ANALYSIS = YES;
				CLANG_WARN_STRICT_PROTOTYPES = YES;
				CLANG_WARN_SUSPICIOUS_MOVE = YES;
				CLANG_WARN_UNGUARDED_AVAILABILITY = YES_AGGRESSIVE;
				CLANG_WARN_UNREACHABLE_CODE = YES;
				CLANG_WARN__DUPLICATE_METHOD_MATCH = YES;
				COPY_PHASE_STRIP = NO;
				DEBUG_INFORMATION_FORMAT = "dwarf-with-dsym";
				ENABLE_NS_ASSERTIONS = NO;
				ENABLE_STRICT_OBJC_MSGSEND = YES;
				GCC_C_LANGUAGE_STANDARD = gnu11;
				GCC_NO_COMMON_BLOCKS = YES;
				GCC_WARN_64_TO_32_BIT_CONVERSION = YES;
				GCC_WARN_ABOUT_RETURN_TYPE = YES_ERROR;
				GCC_WARN_UNDECLARED_SELECTOR = YES;
				GCC_WARN_UNINITIALIZED_AUTOS = YES_AGGRESSIVE;
				GCC_WARN_UNUSED_FUNCTION = YES;
				GCC_WARN_UNUSED_VARIABLE = YES;
				IPHONEOS_DEPLOYMENT_TARGET = 14.0;
				MTL_ENABLE_DEBUG_INFO = NO;
				MTL_FAST_MATH = YES;
				SDKROOT = iphoneos;
				SWIFT_COMPILATION_MODE = wholemodule;
				SWIFT_OPTIMIZATION_LEVEL = "-O";
				VALIDATE_PRODUCT = YES;
			};
			name = Release;
		};
		8313D2182544C806006E5807 /* Debug */ = {
			isa = XCBuildConfiguration;
			buildSettings = {
				ASSETCATALOG_COMPILER_APPICON_NAME = AppIcon;
				ASSETCATALOG_COMPILER_GLOBAL_ACCENT_COLOR_NAME = AccentColor;
				CODE_SIGN_STYLE = Automatic;
				DEVELOPMENT_ASSET_PATHS = "\"riprovaCoast/Preview Content\"";
				DEVELOPMENT_TEAM = X4HZZ7R8F2;
				ENABLE_PREVIEWS = YES;
				INFOPLIST_FILE = riprovaCoast/Info.plist;
				IPHONEOS_DEPLOYMENT_TARGET = 14.0;
				LD_RUNPATH_SEARCH_PATHS = (
					"$(inherited)",
					"@executable_path/Frameworks",
				);
				PRODUCT_BUNDLE_IDENTIFIER = "Team-H.riprovaCoast";
				PRODUCT_NAME = "$(TARGET_NAME)";
				SWIFT_VERSION = 5.0;
				TARGETED_DEVICE_FAMILY = "1,2";
			};
			name = Debug;
		};
		8313D2192544C806006E5807 /* Release */ = {
			isa = XCBuildConfiguration;
			buildSettings = {
				ASSETCATALOG_COMPILER_APPICON_NAME = AppIcon;
				ASSETCATALOG_COMPILER_GLOBAL_ACCENT_COLOR_NAME = AccentColor;
				CODE_SIGN_STYLE = Automatic;
				DEVELOPMENT_ASSET_PATHS = "\"riprovaCoast/Preview Content\"";
				DEVELOPMENT_TEAM = X4HZZ7R8F2;
				ENABLE_PREVIEWS = YES;
				INFOPLIST_FILE = riprovaCoast/Info.plist;
				IPHONEOS_DEPLOYMENT_TARGET = 14.0;
				LD_RUNPATH_SEARCH_PATHS = (
					"$(inherited)",
					"@executable_path/Frameworks",
				);
				PRODUCT_BUNDLE_IDENTIFIER = "Team-H.riprovaCoast";
				PRODUCT_NAME = "$(TARGET_NAME)";
				SWIFT_VERSION = 5.0;
				TARGETED_DEVICE_FAMILY = "1,2";
			};
			name = Release;
		};
		8313D21B2544C806006E5807 /* Debug */ = {
			isa = XCBuildConfiguration;
			buildSettings = {
				ALWAYS_EMBED_SWIFT_STANDARD_LIBRARIES = YES;
				BUNDLE_LOADER = "$(TEST_HOST)";
				CODE_SIGN_STYLE = Automatic;
				INFOPLIST_FILE = riprovaCoastTests/Info.plist;
				IPHONEOS_DEPLOYMENT_TARGET = 14.0;
				LD_RUNPATH_SEARCH_PATHS = (
					"$(inherited)",
					"@executable_path/Frameworks",
					"@loader_path/Frameworks",
				);
				PRODUCT_BUNDLE_IDENTIFIER = "Team-H.riprovaCoastTests";
				PRODUCT_NAME = "$(TARGET_NAME)";
				SWIFT_VERSION = 5.0;
				TARGETED_DEVICE_FAMILY = "1,2";
				TEST_HOST = "$(BUILT_PRODUCTS_DIR)/CoastTrail.app/CoastTrail";
			};
			name = Debug;
		};
		8313D21C2544C806006E5807 /* Release */ = {
			isa = XCBuildConfiguration;
			buildSettings = {
				ALWAYS_EMBED_SWIFT_STANDARD_LIBRARIES = YES;
				BUNDLE_LOADER = "$(TEST_HOST)";
				CODE_SIGN_STYLE = Automatic;
				INFOPLIST_FILE = riprovaCoastTests/Info.plist;
				IPHONEOS_DEPLOYMENT_TARGET = 14.0;
				LD_RUNPATH_SEARCH_PATHS = (
					"$(inherited)",
					"@executable_path/Frameworks",
					"@loader_path/Frameworks",
				);
				PRODUCT_BUNDLE_IDENTIFIER = "Team-H.riprovaCoastTests";
				PRODUCT_NAME = "$(TARGET_NAME)";
				SWIFT_VERSION = 5.0;
				TARGETED_DEVICE_FAMILY = "1,2";
				TEST_HOST = "$(BUILT_PRODUCTS_DIR)/CoastTrail.app/CoastTrail";
			};
			name = Release;
		};
		8313D21E2544C806006E5807 /* Debug */ = {
			isa = XCBuildConfiguration;
			buildSettings = {
				ALWAYS_EMBED_SWIFT_STANDARD_LIBRARIES = YES;
				CODE_SIGN_STYLE = Automatic;
				INFOPLIST_FILE = riprovaCoastUITests/Info.plist;
				LD_RUNPATH_SEARCH_PATHS = (
					"$(inherited)",
					"@executable_path/Frameworks",
					"@loader_path/Frameworks",
				);
				PRODUCT_BUNDLE_IDENTIFIER = "Team-H.riprovaCoastUITests";
				PRODUCT_NAME = "$(TARGET_NAME)";
				SWIFT_VERSION = 5.0;
				TARGETED_DEVICE_FAMILY = "1,2";
				TEST_TARGET_NAME = riprovaCoast;
			};
			name = Debug;
		};
		8313D21F2544C806006E5807 /* Release */ = {
			isa = XCBuildConfiguration;
			buildSettings = {
				ALWAYS_EMBED_SWIFT_STANDARD_LIBRARIES = YES;
				CODE_SIGN_STYLE = Automatic;
				INFOPLIST_FILE = riprovaCoastUITests/Info.plist;
				LD_RUNPATH_SEARCH_PATHS = (
					"$(inherited)",
					"@executable_path/Frameworks",
					"@loader_path/Frameworks",
				);
				PRODUCT_BUNDLE_IDENTIFIER = "Team-H.riprovaCoastUITests";
				PRODUCT_NAME = "$(TARGET_NAME)";
				SWIFT_VERSION = 5.0;
				TARGETED_DEVICE_FAMILY = "1,2";
				TEST_TARGET_NAME = riprovaCoast;
			};
			name = Release;
		};
/* End XCBuildConfiguration section */

/* Begin XCConfigurationList section */
		8313D1ED2544C804006E5807 /* Build configuration list for PBXProject "CoastTrail" */ = {
			isa = XCConfigurationList;
			buildConfigurations = (
				8313D2152544C806006E5807 /* Debug */,
				8313D2162544C806006E5807 /* Release */,
			);
			defaultConfigurationIsVisible = 0;
			defaultConfigurationName = Release;
		};
		8313D2172544C806006E5807 /* Build configuration list for PBXNativeTarget "CoastTrail" */ = {
			isa = XCConfigurationList;
			buildConfigurations = (
				8313D2182544C806006E5807 /* Debug */,
				8313D2192544C806006E5807 /* Release */,
			);
			defaultConfigurationIsVisible = 0;
			defaultConfigurationName = Release;
		};
		8313D21A2544C806006E5807 /* Build configuration list for PBXNativeTarget "CoastTrailTests" */ = {
			isa = XCConfigurationList;
			buildConfigurations = (
				8313D21B2544C806006E5807 /* Debug */,
				8313D21C2544C806006E5807 /* Release */,
			);
			defaultConfigurationIsVisible = 0;
			defaultConfigurationName = Release;
		};
		8313D21D2544C806006E5807 /* Build configuration list for PBXNativeTarget "CoastTrailUITests" */ = {
			isa = XCConfigurationList;
			buildConfigurations = (
				8313D21E2544C806006E5807 /* Debug */,
				8313D21F2544C806006E5807 /* Release */,
			);
			defaultConfigurationIsVisible = 0;
			defaultConfigurationName = Release;
		};
/* End XCConfigurationList section */
	};
	rootObject = 8313D1EA2544C804006E5807 /* Project object */;
}
